
Microsoft Visual Studio Solution File, Format Version 12.00
# Visual Studio Version 17
VisualStudioVersion = 17.13.35931.197 d17.13
MinimumVisualStudioVersion = 10.0.40219.1
Project("{FAE04EC0-301F-11D3-BF4B-00C04F79EFBC}") = "Primeiro Incremento", "Primeiro Incremento.csproj", "{A56F75C4-80EB-4380-A7A2-1C3ACE0DC62E}"
EndProject
Global
	GlobalSection(SolutionConfigurationPlatforms) = preSolution
		Debug|Any CPU = Debug|Any CPU
		Release|Any CPU = Release|Any CPU
	EndGlobalSection
	GlobalSection(ProjectConfigurationPlatforms) = postSolution
		{A56F75C4-80EB-4380-A7A2-1C3ACE0DC62E}.Debug|Any CPU.ActiveCfg = Debug|Any CPU
		{A56F75C4-80EB-4380-A7A2-1C3ACE0DC62E}.Debug|Any CPU.Build.0 = Debug|Any CPU
		{A56F75C4-80EB-4380-A7A2-1C3ACE0DC62E}.Release|Any CPU.ActiveCfg = Release|Any CPU
		{A56F75C4-80EB-4380-A7A2-1C3ACE0DC62E}.Release|Any CPU.Build.0 = Release|Any CPU
	EndGlobalSection
	GlobalSection(SolutionProperties) = preSolution
		HideSolutionNode = FALSE
	EndGlobalSection
	GlobalSection(ExtensibilityGlobals) = postSolution
		SolutionGuid = {91425916-461F-4567-8C63-68381B08352D}
	EndGlobalSection
EndGlobal
