
Microsoft Visual Studio Solution File, Format Version 12.00
# Visual Studio Version 17
VisualStudioVersion = 17.13.35931.197 d17.13
MinimumVisualStudioVersion = 10.0.40219.1
Project("{FAE04EC0-301F-11D3-BF4B-00C04F79EFBC}") = "Desafio Json", "Desafio Json.csproj", "{84FCF043-908B-4418-BE8F-D25E59DE959D}"
EndProject
Global
	GlobalSection(SolutionConfigurationPlatforms) = preSolution
		Debug|Any CPU = Debug|Any CPU
		Release|Any CPU = Release|Any CPU
	EndGlobalSection
	GlobalSection(ProjectConfigurationPlatforms) = postSolution
		{84FCF043-908B-4418-BE8F-D25E59DE959D}.Debug|Any CPU.ActiveCfg = Debug|Any CPU
		{84FCF043-908B-4418-BE8F-D25E59DE959D}.Debug|Any CPU.Build.0 = Debug|Any CPU
		{84FCF043-908B-4418-BE8F-D25E59DE959D}.Release|Any CPU.ActiveCfg = Release|Any CPU
		{84FCF043-908B-4418-BE8F-D25E59DE959D}.Release|Any CPU.Build.0 = Release|Any CPU
	EndGlobalSection
	GlobalSection(SolutionProperties) = preSolution
		HideSolutionNode = FALSE
	EndGlobalSection
	GlobalSection(ExtensibilityGlobals) = postSolution
		SolutionGuid = {6AEC0791-1616-4268-B746-205DB2FC45BA}
	EndGlobalSection
EndGlobal
