
Microsoft Visual Studio Solution File, Format Version 12.00
# Visual Studio Version 17
VisualStudioVersion = 17.13.35931.197 d17.13
MinimumVisualStudioVersion = 10.0.40219.1
Project("{FAE04EC0-301F-11D3-BF4B-00C04F79EFBC}") = "Questao 5", "Questao 5.csproj", "{B53FC27D-E3BC-431B-8DF3-772667468D88}"
EndProject
Global
	GlobalSection(SolutionConfigurationPlatforms) = preSolution
		Debug|Any CPU = Debug|Any CPU
		Release|Any CPU = Release|Any CPU
	EndGlobalSection
	GlobalSection(ProjectConfigurationPlatforms) = postSolution
		{B53FC27D-E3BC-431B-8DF3-772667468D88}.Debug|Any CPU.ActiveCfg = Debug|Any CPU
		{B53FC27D-E3BC-431B-8DF3-772667468D88}.Debug|Any CPU.Build.0 = Debug|Any CPU
		{B53FC27D-E3BC-431B-8DF3-772667468D88}.Release|Any CPU.ActiveCfg = Release|Any CPU
		{B53FC27D-E3BC-431B-8DF3-772667468D88}.Release|Any CPU.Build.0 = Release|Any CPU
	EndGlobalSection
	GlobalSection(SolutionProperties) = preSolution
		HideSolutionNode = FALSE
	EndGlobalSection
	GlobalSection(ExtensibilityGlobals) = postSolution
		SolutionGuid = {875D9DF3-1A4E-4D79-96EB-91B63C7674DF}
	EndGlobalSection
EndGlobal
